
Microsoft Visual Studio Solution File, Format Version 12.00
# Visual Studio 15
VisualStudioVersion = 15.0.27130.2003
MinimumVisualStudioVersion = 10.0.40219.1
Project("{FAE04EC0-301F-11D3-BF4B-00C04F79EFBC}") = "PD.Phidget.UserInterface.Configurator", "source\application\PD.Phidget.UserInterface.Configurator\PD.Phidget.UserInterface.Configurator.csproj", "{A03426CC-A87F-4CCE-9814-4656A7DEEBE3}"
EndProject
Global
	GlobalSection(SolutionConfigurationPlatforms) = preSolution
		Debug|Any CPU = Debug|Any CPU
		Release|Any CPU = Release|Any CPU
	EndGlobalSection
	GlobalSection(ProjectConfigurationPlatforms) = postSolution
		{A03426CC-A87F-4CCE-9814-4656A7DEEBE3}.Debug|Any CPU.ActiveCfg = Debug|Any CPU
		{A03426CC-A87F-4CCE-9814-4656A7DEEBE3}.Debug|Any CPU.Build.0 = Debug|Any CPU
		{A03426CC-A87F-4CCE-9814-4656A7DEEBE3}.Release|Any CPU.ActiveCfg = Release|Any CPU
		{A03426CC-A87F-4CCE-9814-4656A7DEEBE3}.Release|Any CPU.Build.0 = Release|Any CPU
	EndGlobalSection
	GlobalSection(SolutionProperties) = preSolution
		HideSolutionNode = FALSE
	EndGlobalSection
	GlobalSection(ExtensibilityGlobals) = postSolution
		SolutionGuid = {E4E4321E-4DCA-499A-B88E-F789EFA18026}
	EndGlobalSection
EndGlobal
